
Microsoft Visual Studio Solution File, Format Version 12.00
# Visual Studio 15
VisualStudioVersion = 15.0.27428.2011
MinimumVisualStudioVersion = 10.0.40219.1
Project("{FAE04EC0-301F-11D3-BF4B-00C04F79EFBC}") = "Sjerrul.DotNetInvestigation.Transactions.Lib", "Sjerrul.DotNetInvestigation.Transactions\Sjerrul.DotNetInvestigation.Transactions.Lib.csproj", "{3A64E989-2712-45FF-B75C-C2C7B16CFF1B}"
EndProject
Project("{2150E333-8FDC-42A3-9474-1A3956D46DE8}") = "TransctionScope (.NET Core)", "TransctionScope (.NET Core)", "{CDDEDA4F-2F75-4DE6-A1FB-ED2610F227A6}"
EndProject
Project("{FAE04EC0-301F-11D3-BF4B-00C04F79EFBC}") = "Sjerrul.DotNetInvestigation.Transactions.App", "Sjerrul.DotNetInvestigation.Transactions.App\Sjerrul.DotNetInvestigation.Transactions.App.csproj", "{AA53558F-2AAE-42C7-BCB3-1B46FAC5A226}"
EndProject
Global
	GlobalSection(SolutionConfigurationPlatforms) = preSolution
		Debug|Any CPU = Debug|Any CPU
		Release|Any CPU = Release|Any CPU
	EndGlobalSection
	GlobalSection(ProjectConfigurationPlatforms) = postSolution
		{3A64E989-2712-45FF-B75C-C2C7B16CFF1B}.Debug|Any CPU.ActiveCfg = Debug|Any CPU
		{3A64E989-2712-45FF-B75C-C2C7B16CFF1B}.Debug|Any CPU.Build.0 = Debug|Any CPU
		{3A64E989-2712-45FF-B75C-C2C7B16CFF1B}.Release|Any CPU.ActiveCfg = Release|Any CPU
		{3A64E989-2712-45FF-B75C-C2C7B16CFF1B}.Release|Any CPU.Build.0 = Release|Any CPU
		{AA53558F-2AAE-42C7-BCB3-1B46FAC5A226}.Debug|Any CPU.ActiveCfg = Debug|Any CPU
		{AA53558F-2AAE-42C7-BCB3-1B46FAC5A226}.Debug|Any CPU.Build.0 = Debug|Any CPU
		{AA53558F-2AAE-42C7-BCB3-1B46FAC5A226}.Release|Any CPU.ActiveCfg = Release|Any CPU
		{AA53558F-2AAE-42C7-BCB3-1B46FAC5A226}.Release|Any CPU.Build.0 = Release|Any CPU
	EndGlobalSection
	GlobalSection(SolutionProperties) = preSolution
		HideSolutionNode = FALSE
	EndGlobalSection
	GlobalSection(NestedProjects) = preSolution
		{3A64E989-2712-45FF-B75C-C2C7B16CFF1B} = {CDDEDA4F-2F75-4DE6-A1FB-ED2610F227A6}
		{AA53558F-2AAE-42C7-BCB3-1B46FAC5A226} = {CDDEDA4F-2F75-4DE6-A1FB-ED2610F227A6}
	EndGlobalSection
	GlobalSection(ExtensibilityGlobals) = postSolution
		SolutionGuid = {CEDA17D3-2B28-4B46-8F1F-B87127DDD111}
	EndGlobalSection
EndGlobal
